
Microsoft Visual Studio Solution File, Format Version 12.00
# Visual Studio Version 16
VisualStudioVersion = 16.0.31005.135
MinimumVisualStudioVersion = 10.0.40219.1
Project("{FAE04EC0-301F-11D3-BF4B-00C04F79EFBC}") = "QuanLiKhachSan", "QuanLiKhachSan\QuanLiKhachSan.csproj", "{0CC01F19-39D8-42E5-A25A-4F7093CD2429}"
EndProject
Global
	GlobalSection(SolutionConfigurationPlatforms) = preSolution
		Debug|Any CPU = Debug|Any CPU
		Release|Any CPU = Release|Any CPU
	EndGlobalSection
	GlobalSection(ProjectConfigurationPlatforms) = postSolution
		{0CC01F19-39D8-42E5-A25A-4F7093CD2429}.Debug|Any CPU.ActiveCfg = Debug|Any CPU
		{0CC01F19-39D8-42E5-A25A-4F7093CD2429}.Debug|Any CPU.Build.0 = Debug|Any CPU
		{0CC01F19-39D8-42E5-A25A-4F7093CD2429}.Release|Any CPU.ActiveCfg = Release|Any CPU
		{0CC01F19-39D8-42E5-A25A-4F7093CD2429}.Release|Any CPU.Build.0 = Release|Any CPU
	EndGlobalSection
	GlobalSection(SolutionProperties) = preSolution
		HideSolutionNode = FALSE
	EndGlobalSection
	GlobalSection(ExtensibilityGlobals) = postSolution
		SolutionGuid = {30B2B155-62C3-4FEF-8D67-75A242D033BD}
	EndGlobalSection
EndGlobal
